
Microsoft Visual Studio Solution File, Format Version 12.00
# Visual Studio 2012
Project("{FAE04EC0-301F-11D3-BF4B-00C04F79EFBC}") = "WinSir.Tools.Photos.Shell", "WinSir.Tools.Photos.Shell\WinSir.Tools.Photos.Shell.csproj", "{D1248BC7-895A-4170-9529-6AFBE384E68E}"
EndProject
Project("{FAE04EC0-301F-11D3-BF4B-00C04F79EFBC}") = "WinSir.Tools.Photos", "WinSir.Tools.Photos\WinSir.Tools.Photos.csproj", "{2111B108-FCDA-43A7-8E98-1FAA58EE3E90}"
EndProject
Project("{FAE04EC0-301F-11D3-BF4B-00C04F79EFBC}") = "WinSir.Tools.Photos.Renamer", "WinSir.Tools.Photos.Renamer\WinSir.Tools.Photos.Renamer.csproj", "{55646FCA-5ECE-4A5E-BB23-12F949ECB5BA}"
EndProject
Global
	GlobalSection(SolutionConfigurationPlatforms) = preSolution
		Debug|Any CPU = Debug|Any CPU
		Release|Any CPU = Release|Any CPU
	EndGlobalSection
	GlobalSection(ProjectConfigurationPlatforms) = postSolution
		{D1248BC7-895A-4170-9529-6AFBE384E68E}.Debug|Any CPU.ActiveCfg = Debug|Any CPU
		{D1248BC7-895A-4170-9529-6AFBE384E68E}.Debug|Any CPU.Build.0 = Debug|Any CPU
		{D1248BC7-895A-4170-9529-6AFBE384E68E}.Release|Any CPU.ActiveCfg = Release|Any CPU
		{D1248BC7-895A-4170-9529-6AFBE384E68E}.Release|Any CPU.Build.0 = Release|Any CPU
		{2111B108-FCDA-43A7-8E98-1FAA58EE3E90}.Debug|Any CPU.ActiveCfg = Debug|Any CPU
		{2111B108-FCDA-43A7-8E98-1FAA58EE3E90}.Debug|Any CPU.Build.0 = Debug|Any CPU
		{2111B108-FCDA-43A7-8E98-1FAA58EE3E90}.Release|Any CPU.ActiveCfg = Release|Any CPU
		{2111B108-FCDA-43A7-8E98-1FAA58EE3E90}.Release|Any CPU.Build.0 = Release|Any CPU
		{55646FCA-5ECE-4A5E-BB23-12F949ECB5BA}.Debug|Any CPU.ActiveCfg = Debug|Any CPU
		{55646FCA-5ECE-4A5E-BB23-12F949ECB5BA}.Debug|Any CPU.Build.0 = Debug|Any CPU
		{55646FCA-5ECE-4A5E-BB23-12F949ECB5BA}.Release|Any CPU.ActiveCfg = Release|Any CPU
		{55646FCA-5ECE-4A5E-BB23-12F949ECB5BA}.Release|Any CPU.Build.0 = Release|Any CPU
	EndGlobalSection
	GlobalSection(SolutionProperties) = preSolution
		HideSolutionNode = FALSE
	EndGlobalSection
EndGlobal
